github.com/batchatco/go-native-netcdf v0.0.0-20260314195334-c3bf89299976 h1:DF9e55hXnNjnqOdG+6/agZtprp1Z1yWq5zJ1tmjH4kI=
github.com/batchatco/go-native-netcdf v0.0.0-20260314195334-c3bf89299976/go.mod h1:9DR4lzem/4OwxigpgjJC4P3KYofnwgppaCdylYB3yqg=
github.com/batchatco/go-thrower v0.0.0-20200827035905-5cb7337f6be6 h1:gDf4IUqKDnH7F0XdgeYOBx2jlMKF/j9Xm42sISXpwqY=
github.com/batchatco/go-thrower v0.0.0-20200827035905-5cb7337f6be6/go.mod h1:hJ9Ll7FOzcIr57sd7RHga7StcCVAL0vFBUsNpnGntNg=
golang.org/x/sync v0.22.0 h1:SZjpbeLmrCk4xhRSZFNZW5gFUeCeFgjekvI/+gfScek=
golang.org/x/sync v0.22.0/go.mod h1:9xrNwdLfx4jkKbNva9FpL6vEN7evnE43NNNJQ2LF3+0=
